
Microsoft Visual Studio Solution File, Format Version 12.00
# Visual Studio Version 17
VisualStudioVersion = 17.11.35303.130
MinimumVisualStudioVersion = 10.0.40219.1
Project("{2150E333-8FDC-42A3-9474-1A3956D46DE8}") = "Task0", "Task0", "{557E695B-9C5C-4232-A121-88243B576906}"
EndProject
Project("{FAE04EC0-301F-11D3-BF4B-00C04F79EFBC}") = "Tyuiu.BaldinAA.Sprint2.Task0.V26", "Tyuiu.BaldinAA.Sprint2.Task0.V26\Tyuiu.BaldinAA.Sprint2.Task0.V26.csproj", "{6F669A44-C739-4FE9-890E-1815B80D648B}"
EndProject
Project("{FAE04EC0-301F-11D3-BF4B-00C04F79EFBC}") = "Tyuiu.BaldinAA.Sprint2.Task0.V26.Lib", "Tyuiu.BaldinAA.Sprint2.Task0.V26.Lib\Tyuiu.BaldinAA.Sprint2.Task0.V26.Lib.csproj", "{AE0EAE11-AB1C-4633-922F-D16406A8D438}"
EndProject
Project("{FAE04EC0-301F-11D3-BF4B-00C04F79EFBC}") = "Tyuiu.BaldinAA.Sprint2.Task0.V26.Test", "Tyuiu.BaldinAA.Sprint2.Task0.V26.Test\Tyuiu.BaldinAA.Sprint2.Task0.V26.Test.csproj", "{EA6403A5-09E4-4C0C-8AAE-77DEA60548CD}"
EndProject
Project("{2150E333-8FDC-42A3-9474-1A3956D46DE8}") = "Task1", "Task1", "{70037FA5-FC86-424E-A0A5-D90E1F24FE6A}"
EndProject
Project("{FAE04EC0-301F-11D3-BF4B-00C04F79EFBC}") = "Tyuiu.BaldinAA.Sprint2.Task1.V27", "Tyuiu.BaldinAA.Sprint2.Task1.V27\Tyuiu.BaldinAA.Sprint2.Task1.V27.csproj", "{BE38E6B4-E2FB-48EC-AD86-2F853F20BD49}"
EndProject
Project("{FAE04EC0-301F-11D3-BF4B-00C04F79EFBC}") = "Tyuiu.BaldinAA.Sprint2.Task1.V27.Lib", "Tyuiu.BaldinAA.Sprint2.Task1.V27.Lib\Tyuiu.BaldinAA.Sprint2.Task1.V27.Lib.csproj", "{BBAB8517-BF65-4E5C-8900-07844CD86F90}"
EndProject
Project("{FAE04EC0-301F-11D3-BF4B-00C04F79EFBC}") = "Tyuiu.BaldinAA.Sprint2.Task1.V27.Test", "Tyuiu.BaldinAA.Sprint2.Task1.V27.Test\Tyuiu.BaldinAA.Sprint2.Task1.V27.Test.csproj", "{0B8F76D9-55B9-4314-867A-39F0552151DA}"
EndProject
Project("{2150E333-8FDC-42A3-9474-1A3956D46DE8}") = "Task2", "Task2", "{1F6B840B-62B8-4684-AACF-9B67A5156C78}"
EndProject
Project("{FAE04EC0-301F-11D3-BF4B-00C04F79EFBC}") = "Tyuiu.BaldinAA.Sprint2.Task2.V16", "Tyuiu.BaldinAA.Sprint2.Task2.V16\Tyuiu.BaldinAA.Sprint2.Task2.V16.csproj", "{65CBBC07-3207-4EBF-9AF6-F2C2322AEC1B}"
EndProject
Project("{FAE04EC0-301F-11D3-BF4B-00C04F79EFBC}") = "Tyuiu.BaldinAA.Sprint2.Task2.V16.Lib", "Tyuiu.BaldinAA.Sprint2.Task2.V16.Lib\Tyuiu.BaldinAA.Sprint2.Task2.V16.Lib.csproj", "{E3F1D4AB-AC35-42D8-AC4B-96FF58AC2489}"
EndProject
Project("{FAE04EC0-301F-11D3-BF4B-00C04F79EFBC}") = "Tyuiu.BaldinAA.Sprint2.Task2.V16.Test", "Tyuiu.BaldinAA.Sprint2.Task2.V16.Test\Tyuiu.BaldinAA.Sprint2.Task2.V16.Test.csproj", "{6378E907-2816-4B6E-86E6-74480B40B09D}"
EndProject
Project("{2150E333-8FDC-42A3-9474-1A3956D46DE8}") = "Task3", "Task3", "{CB458792-15C9-46EC-9000-1C7BFEFA0AA6}"
EndProject
Project("{FAE04EC0-301F-11D3-BF4B-00C04F79EFBC}") = "Tyuiu.BaldinAA.Sprint2.Task3.V15", "Tyuiu.BaldinAA.Sprint2.Task3.V15\Tyuiu.BaldinAA.Sprint2.Task3.V15.csproj", "{2832365B-5C82-4779-9080-2B624A51148A}"
EndProject
Project("{FAE04EC0-301F-11D3-BF4B-00C04F79EFBC}") = "Tyuiu.BaldinAA.Sprint2.Task3.V15.Lib", "Tyuiu.BaldinAA.Sprint2.Task3.V15.Lib\Tyuiu.BaldinAA.Sprint2.Task3.V15.Lib.csproj", "{70D1F8AC-9E5B-4B89-9F89-6ACFF0EC3292}"
EndProject
Project("{FAE04EC0-301F-11D3-BF4B-00C04F79EFBC}") = "Tyuiu.BaldinAA.Sprint2.Task3.V15.Test", "Tyuiu.BaldinAA.Sprint2.Task3.V15.Test\Tyuiu.BaldinAA.Sprint2.Task3.V15.Test.csproj", "{DD5FBE1A-C173-4CC7-915F-862F160277F0}"
EndProject
Project("{2150E333-8FDC-42A3-9474-1A3956D46DE8}") = "Task4", "Task4", "{6B0BE217-D994-44A3-B895-10FB13D49D84}"
EndProject
Project("{FAE04EC0-301F-11D3-BF4B-00C04F79EFBC}") = "Tyuiu.BaldinAA.Sprint2.Task4.V27", "Tyuiu.BaldinAA.Sprint2.Task4.V27\Tyuiu.BaldinAA.Sprint2.Task4.V27.csproj", "{607194D4-081E-4B7B-A92A-870F1A708846}"
EndProject
Project("{FAE04EC0-301F-11D3-BF4B-00C04F79EFBC}") = "Tyuiu.BaldinAA.Sprint2.Task4.V27.Lib", "Tyuiu.BaldinAA.Sprint2.Task4.V27.Lib\Tyuiu.BaldinAA.Sprint2.Task4.V27.Lib.csproj", "{AA061924-E083-4B36-BA5A-9E5B3AA8FC29}"
EndProject
Project("{FAE04EC0-301F-11D3-BF4B-00C04F79EFBC}") = "Tyuiu.BaldinAA.Sprint2.Task4.V27.Test", "Tyuiu.BaldinAA.Sprint2.Task4.V27.Test\Tyuiu.BaldinAA.Sprint2.Task4.V27.Test.csproj", "{658180A5-A874-45A5-9B54-F2303770D08F}"
EndProject
Project("{2150E333-8FDC-42A3-9474-1A3956D46DE8}") = "Task5", "Task5", "{69EC2857-0539-4440-A6E5-474170BABECA}"
EndProject
Project("{FAE04EC0-301F-11D3-BF4B-00C04F79EFBC}") = "Tyuiu.BaldinAA.Sprint2.Task5.V9", "Tyuiu.BaldinAA.Sprint2.Task5.V9\Tyuiu.BaldinAA.Sprint2.Task5.V9.csproj", "{FFB210A7-77B2-4C53-A3EE-C033736C090D}"
EndProject
Project("{FAE04EC0-301F-11D3-BF4B-00C04F79EFBC}") = "Tyuiu.BaldinAA.Sprint2.Task5.V9.Lib", "Tyuiu.BaldinAA.Sprint2.Task5.V9.Lib\Tyuiu.BaldinAA.Sprint2.Task5.V9.Lib.csproj", "{E14B1092-3905-4ED0-A8C3-7C9E953EF1FE}"
EndProject
Project("{FAE04EC0-301F-11D3-BF4B-00C04F79EFBC}") = "Tyuiu.BaldinAA.Sprint2.Task5.V9.Test", "Tyuiu.BaldinAA.Sprint2.Task5.V9.Test\Tyuiu.BaldinAA.Sprint2.Task5.V9.Test.csproj", "{8ADB8DA5-95AC-47B3-9DBE-4A3706222205}"
EndProject
Project("{2150E333-8FDC-42A3-9474-1A3956D46DE8}") = "Task6", "Task6", "{DF395C19-FE67-4EDF-90AF-842E1D0D8720}"
EndProject
Project("{FAE04EC0-301F-11D3-BF4B-00C04F79EFBC}") = "Tyuiu.BaldinAA.Sprint2.Task6.V3", "Tyuiu.BaldinAA.Sprint2.Task6.V3\Tyuiu.BaldinAA.Sprint2.Task6.V3.csproj", "{42B1D444-B9F7-4774-AD0D-09E46B18DD97}"
EndProject
Project("{FAE04EC0-301F-11D3-BF4B-00C04F79EFBC}") = "Tyuiu.BaldinAA.Sprint2.Task6.V3.Lib", "Tyuiu.BaldinAA.Sprint2.Task6.V3.Lib\Tyuiu.BaldinAA.Sprint2.Task6.V3.Lib.csproj", "{F2FE13F7-0920-4C50-B08F-DF9085A98EB3}"
EndProject
Project("{FAE04EC0-301F-11D3-BF4B-00C04F79EFBC}") = "Tyuiu.BaldinAA.Sprint2.Task6.V3.Test", "Tyuiu.BaldinAA.Sprint2.Task6.V3.Test\Tyuiu.BaldinAA.Sprint2.Task6.V3.Test.csproj", "{ACB4EC86-7621-4139-9963-CBFA50A1CFEE}"
EndProject
Global
	GlobalSection(SolutionConfigurationPlatforms) = preSolution
		Debug|Any CPU = Debug|Any CPU
		Release|Any CPU = Release|Any CPU
	EndGlobalSection
	GlobalSection(ProjectConfigurationPlatforms) = postSolution
		{6F669A44-C739-4FE9-890E-1815B80D648B}.Debug|Any CPU.ActiveCfg = Debug|Any CPU
		{6F669A44-C739-4FE9-890E-1815B80D648B}.Debug|Any CPU.Build.0 = Debug|Any CPU
		{6F669A44-C739-4FE9-890E-1815B80D648B}.Release|Any CPU.ActiveCfg = Release|Any CPU
		{6F669A44-C739-4FE9-890E-1815B80D648B}.Release|Any CPU.Build.0 = Release|Any CPU
		{AE0EAE11-AB1C-4633-922F-D16406A8D438}.Debug|Any CPU.ActiveCfg = Debug|Any CPU
		{AE0EAE11-AB1C-4633-922F-D16406A8D438}.Debug|Any CPU.Build.0 = Debug|Any CPU
		{AE0EAE11-AB1C-4633-922F-D16406A8D438}.Release|Any CPU.ActiveCfg = Release|Any CPU
		{AE0EAE11-AB1C-4633-922F-D16406A8D438}.Release|Any CPU.Build.0 = Release|Any CPU
		{EA6403A5-09E4-4C0C-8AAE-77DEA60548CD}.Debug|Any CPU.ActiveCfg = Debug|Any CPU
		{EA6403A5-09E4-4C0C-8AAE-77DEA60548CD}.Debug|Any CPU.Build.0 = Debug|Any CPU
		{EA6403A5-09E4-4C0C-8AAE-77DEA60548CD}.Release|Any CPU.ActiveCfg = Release|Any CPU
		{EA6403A5-09E4-4C0C-8AAE-77DEA60548CD}.Release|Any CPU.Build.0 = Release|Any CPU
		{BE38E6B4-E2FB-48EC-AD86-2F853F20BD49}.Debug|Any CPU.ActiveCfg = Debug|Any CPU
		{BE38E6B4-E2FB-48EC-AD86-2F853F20BD49}.Debug|Any CPU.Build.0 = Debug|Any CPU
		{BE38E6B4-E2FB-48EC-AD86-2F853F20BD49}.Release|Any CPU.ActiveCfg = Release|Any CPU
		{BE38E6B4-E2FB-48EC-AD86-2F853F20BD49}.Release|Any CPU.Build.0 = Release|Any CPU
		{BBAB8517-BF65-4E5C-8900-07844CD86F90}.Debug|Any CPU.ActiveCfg = Debug|Any CPU
		{BBAB8517-BF65-4E5C-8900-07844CD86F90}.Debug|Any CPU.Build.0 = Debug|Any CPU
		{BBAB8517-BF65-4E5C-8900-07844CD86F90}.Release|Any CPU.ActiveCfg = Release|Any CPU
		{BBAB8517-BF65-4E5C-8900-07844CD86F90}.Release|Any CPU.Build.0 = Release|Any CPU
		{0B8F76D9-55B9-4314-867A-39F0552151DA}.Debug|Any CPU.ActiveCfg = Debug|Any CPU
		{0B8F76D9-55B9-4314-867A-39F0552151DA}.Debug|Any CPU.Build.0 = Debug|Any CPU
		{0B8F76D9-55B9-4314-867A-39F0552151DA}.Release|Any CPU.ActiveCfg = Release|Any CPU
		{0B8F76D9-55B9-4314-867A-39F0552151DA}.Release|Any CPU.Build.0 = Release|Any CPU
		{65CBBC07-3207-4EBF-9AF6-F2C2322AEC1B}.Debug|Any CPU.ActiveCfg = Debug|Any CPU
		{65CBBC07-3207-4EBF-9AF6-F2C2322AEC1B}.Debug|Any CPU.Build.0 = Debug|Any CPU
		{65CBBC07-3207-4EBF-9AF6-F2C2322AEC1B}.Release|Any CPU.ActiveCfg = Release|Any CPU
		{65CBBC07-3207-4EBF-9AF6-F2C2322AEC1B}.Release|Any CPU.Build.0 = Release|Any CPU
		{E3F1D4AB-AC35-42D8-AC4B-96FF58AC2489}.Debug|Any CPU.ActiveCfg = Debug|Any CPU
		{E3F1D4AB-AC35-42D8-AC4B-96FF58AC2489}.Debug|Any CPU.Build.0 = Debug|Any CPU
		{E3F1D4AB-AC35-42D8-AC4B-96FF58AC2489}.Release|Any CPU.ActiveCfg = Release|Any CPU
		{E3F1D4AB-AC35-42D8-AC4B-96FF58AC2489}.Release|Any CPU.Build.0 = Release|Any CPU
		{6378E907-2816-4B6E-86E6-74480B40B09D}.Debug|Any CPU.ActiveCfg = Debug|Any CPU
		{6378E907-2816-4B6E-86E6-74480B40B09D}.Debug|Any CPU.Build.0 = Debug|Any CPU
		{6378E907-2816-4B6E-86E6-74480B40B09D}.Release|Any CPU.ActiveCfg = Release|Any CPU
		{6378E907-2816-4B6E-86E6-74480B40B09D}.Release|Any CPU.Build.0 = Release|Any CPU
		{2832365B-5C82-4779-9080-2B624A51148A}.Debug|Any CPU.ActiveCfg = Debug|Any CPU
		{2832365B-5C82-4779-9080-2B624A51148A}.Debug|Any CPU.Build.0 = Debug|Any CPU
		{2832365B-5C82-4779-9080-2B624A51148A}.Release|Any CPU.ActiveCfg = Release|Any CPU
		{2832365B-5C82-4779-9080-2B624A51148A}.Release|Any CPU.Build.0 = Release|Any CPU
		{70D1F8AC-9E5B-4B89-9F89-6ACFF0EC3292}.Debug|Any CPU.ActiveCfg = Debug|Any CPU
		{70D1F8AC-9E5B-4B89-9F89-6ACFF0EC3292}.Debug|Any CPU.Build.0 = Debug|Any CPU
		{70D1F8AC-9E5B-4B89-9F89-6ACFF0EC3292}.Release|Any CPU.ActiveCfg = Release|Any CPU
		{70D1F8AC-9E5B-4B89-9F89-6ACFF0EC3292}.Release|Any CPU.Build.0 = Release|Any CPU
		{DD5FBE1A-C173-4CC7-915F-862F160277F0}.Debug|Any CPU.ActiveCfg = Debug|Any CPU
		{DD5FBE1A-C173-4CC7-915F-862F160277F0}.Debug|Any CPU.Build.0 = Debug|Any CPU
		{DD5FBE1A-C173-4CC7-915F-862F160277F0}.Release|Any CPU.ActiveCfg = Release|Any CPU
		{DD5FBE1A-C173-4CC7-915F-862F160277F0}.Release|Any CPU.Build.0 = Release|Any CPU
		{607194D4-081E-4B7B-A92A-870F1A708846}.Debug|Any CPU.ActiveCfg = Debug|Any CPU
		{607194D4-081E-4B7B-A92A-870F1A708846}.Debug|Any CPU.Build.0 = Debug|Any CPU
		{607194D4-081E-4B7B-A92A-870F1A708846}.Release|Any CPU.ActiveCfg = Release|Any CPU
		{607194D4-081E-4B7B-A92A-870F1A708846}.Release|Any CPU.Build.0 = Release|Any CPU
		{AA061924-E083-4B36-BA5A-9E5B3AA8FC29}.Debug|Any CPU.ActiveCfg = Debug|Any CPU
		{AA061924-E083-4B36-BA5A-9E5B3AA8FC29}.Debug|Any CPU.Build.0 = Debug|Any CPU
		{AA061924-E083-4B36-BA5A-9E5B3AA8FC29}.Release|Any CPU.ActiveCfg = Release|Any CPU
		{AA061924-E083-4B36-BA5A-9E5B3AA8FC29}.Release|Any CPU.Build.0 = Release|Any CPU
		{658180A5-A874-45A5-9B54-F2303770D08F}.Debug|Any CPU.ActiveCfg = Debug|Any CPU
		{658180A5-A874-45A5-9B54-F2303770D08F}.Debug|Any CPU.Build.0 = Debug|Any CPU
		{658180A5-A874-45A5-9B54-F2303770D08F}.Release|Any CPU.ActiveCfg = Release|Any CPU
		{658180A5-A874-45A5-9B54-F2303770D08F}.Release|Any CPU.Build.0 = Release|Any CPU
		{FFB210A7-77B2-4C53-A3EE-C033736C090D}.Debug|Any CPU.ActiveCfg = Debug|Any CPU
		{FFB210A7-77B2-4C53-A3EE-C033736C090D}.Debug|Any CPU.Build.0 = Debug|Any CPU
		{FFB210A7-77B2-4C53-A3EE-C033736C090D}.Release|Any CPU.ActiveCfg = Release|Any CPU
		{FFB210A7-77B2-4C53-A3EE-C033736C090D}.Release|Any CPU.Build.0 = Release|Any CPU
		{E14B1092-3905-4ED0-A8C3-7C9E953EF1FE}.Debug|Any CPU.ActiveCfg = Debug|Any CPU
		{E14B1092-3905-4ED0-A8C3-7C9E953EF1FE}.Debug|Any CPU.Build.0 = Debug|Any CPU
		{E14B1092-3905-4ED0-A8C3-7C9E953EF1FE}.Release|Any CPU.ActiveCfg = Release|Any CPU
		{E14B1092-3905-4ED0-A8C3-7C9E953EF1FE}.Release|Any CPU.Build.0 = Release|Any CPU
		{8ADB8DA5-95AC-47B3-9DBE-4A3706222205}.Debug|Any CPU.ActiveCfg = Debug|Any CPU
		{8ADB8DA5-95AC-47B3-9DBE-4A3706222205}.Debug|Any CPU.Build.0 = Debug|Any CPU
		{8ADB8DA5-95AC-47B3-9DBE-4A3706222205}.Release|Any CPU.ActiveCfg = Release|Any CPU
		{8ADB8DA5-95AC-47B3-9DBE-4A3706222205}.Release|Any CPU.Build.0 = Release|Any CPU
		{42B1D444-B9F7-4774-AD0D-09E46B18DD97}.Debug|Any CPU.ActiveCfg = Debug|Any CPU
		{42B1D444-B9F7-4774-AD0D-09E46B18DD97}.Debug|Any CPU.Build.0 = Debug|Any CPU
		{42B1D444-B9F7-4774-AD0D-09E46B18DD97}.Release|Any CPU.ActiveCfg = Release|Any CPU
		{42B1D444-B9F7-4774-AD0D-09E46B18DD97}.Release|Any CPU.Build.0 = Release|Any CPU
		{F2FE13F7-0920-4C50-B08F-DF9085A98EB3}.Debug|Any CPU.ActiveCfg = Debug|Any CPU
		{F2FE13F7-0920-4C50-B08F-DF9085A98EB3}.Debug|Any CPU.Build.0 = Debug|Any CPU
		{F2FE13F7-0920-4C50-B08F-DF9085A98EB3}.Release|Any CPU.ActiveCfg = Release|Any CPU
		{F2FE13F7-0920-4C50-B08F-DF9085A98EB3}.Release|Any CPU.Build.0 = Release|Any CPU
		{ACB4EC86-7621-4139-9963-CBFA50A1CFEE}.Debug|Any CPU.ActiveCfg = Debug|Any CPU
		{ACB4EC86-7621-4139-9963-CBFA50A1CFEE}.Debug|Any CPU.Build.0 = Debug|Any CPU
		{ACB4EC86-7621-4139-9963-CBFA50A1CFEE}.Release|Any CPU.ActiveCfg = Release|Any CPU
		{ACB4EC86-7621-4139-9963-CBFA50A1CFEE}.Release|Any CPU.Build.0 = Release|Any CPU
	EndGlobalSection
	GlobalSection(SolutionProperties) = preSolution
		HideSolutionNode = FALSE
	EndGlobalSection
	GlobalSection(NestedProjects) = preSolution
		{6F669A44-C739-4FE9-890E-1815B80D648B} = {557E695B-9C5C-4232-A121-88243B576906}
		{AE0EAE11-AB1C-4633-922F-D16406A8D438} = {557E695B-9C5C-4232-A121-88243B576906}
		{EA6403A5-09E4-4C0C-8AAE-77DEA60548CD} = {557E695B-9C5C-4232-A121-88243B576906}
		{BE38E6B4-E2FB-48EC-AD86-2F853F20BD49} = {70037FA5-FC86-424E-A0A5-D90E1F24FE6A}
		{BBAB8517-BF65-4E5C-8900-07844CD86F90} = {70037FA5-FC86-424E-A0A5-D90E1F24FE6A}
		{0B8F76D9-55B9-4314-867A-39F0552151DA} = {70037FA5-FC86-424E-A0A5-D90E1F24FE6A}
		{65CBBC07-3207-4EBF-9AF6-F2C2322AEC1B} = {1F6B840B-62B8-4684-AACF-9B67A5156C78}
		{E3F1D4AB-AC35-42D8-AC4B-96FF58AC2489} = {1F6B840B-62B8-4684-AACF-9B67A5156C78}
		{6378E907-2816-4B6E-86E6-74480B40B09D} = {1F6B840B-62B8-4684-AACF-9B67A5156C78}
		{2832365B-5C82-4779-9080-2B624A51148A} = {CB458792-15C9-46EC-9000-1C7BFEFA0AA6}
		{70D1F8AC-9E5B-4B89-9F89-6ACFF0EC3292} = {CB458792-15C9-46EC-9000-1C7BFEFA0AA6}
		{DD5FBE1A-C173-4CC7-915F-862F160277F0} = {CB458792-15C9-46EC-9000-1C7BFEFA0AA6}
		{607194D4-081E-4B7B-A92A-870F1A708846} = {6B0BE217-D994-44A3-B895-10FB13D49D84}
		{AA061924-E083-4B36-BA5A-9E5B3AA8FC29} = {6B0BE217-D994-44A3-B895-10FB13D49D84}
		{658180A5-A874-45A5-9B54-F2303770D08F} = {6B0BE217-D994-44A3-B895-10FB13D49D84}
		{FFB210A7-77B2-4C53-A3EE-C033736C090D} = {69EC2857-0539-4440-A6E5-474170BABECA}
		{E14B1092-3905-4ED0-A8C3-7C9E953EF1FE} = {69EC2857-0539-4440-A6E5-474170BABECA}
		{8ADB8DA5-95AC-47B3-9DBE-4A3706222205} = {69EC2857-0539-4440-A6E5-474170BABECA}
		{42B1D444-B9F7-4774-AD0D-09E46B18DD97} = {DF395C19-FE67-4EDF-90AF-842E1D0D8720}
		{F2FE13F7-0920-4C50-B08F-DF9085A98EB3} = {DF395C19-FE67-4EDF-90AF-842E1D0D8720}
		{ACB4EC86-7621-4139-9963-CBFA50A1CFEE} = {DF395C19-FE67-4EDF-90AF-842E1D0D8720}
	EndGlobalSection
	GlobalSection(ExtensibilityGlobals) = postSolution
		SolutionGuid = {76DF5333-8CC4-4E06-85BE-888DF42F6582}
	EndGlobalSection
EndGlobal
